
Microsoft Visual Studio Solution File, Format Version 12.00
# Visual Studio Version 17
VisualStudioVersion = 17.13.35806.99 d17.13
MinimumVisualStudioVersion = 10.0.40219.1
Project("{FAE04EC0-301F-11D3-BF4B-00C04F79EFBC}") = "QLCF", "QLCF\QLCF.csproj", "{30DEADB8-924E-40C0-8533-FEA71DEB4DCB}"
EndProject
Global
	GlobalSection(SolutionConfigurationPlatforms) = preSolution
		Debug|Any CPU = Debug|Any CPU
		Release|Any CPU = Release|Any CPU
	EndGlobalSection
	GlobalSection(ProjectConfigurationPlatforms) = postSolution
		{30DEADB8-924E-40C0-8533-FEA71DEB4DCB}.Debug|Any CPU.ActiveCfg = Debug|Any CPU
		{30DEADB8-924E-40C0-8533-FEA71DEB4DCB}.Debug|Any CPU.Build.0 = Debug|Any CPU
		{30DEADB8-924E-40C0-8533-FEA71DEB4DCB}.Release|Any CPU.ActiveCfg = Release|Any CPU
		{30DEADB8-924E-40C0-8533-FEA71DEB4DCB}.Release|Any CPU.Build.0 = Release|Any CPU
	EndGlobalSection
	GlobalSection(SolutionProperties) = preSolution
		HideSolutionNode = FALSE
	EndGlobalSection
	GlobalSection(ExtensibilityGlobals) = postSolution
		SolutionGuid = {92204EA2-26E7-467E-8CE2-567E456FCA65}
	EndGlobalSection
EndGlobal
